
Microsoft Visual Studio Solution File, Format Version 12.00
# Visual Studio 2013
VisualStudioVersion = 12.0.40629.0
MinimumVisualStudioVersion = 10.0.40219.1
Project("{FAE04EC0-301F-11D3-BF4B-00C04F79EFBC}") = "MonteCarlo_MVVM", "MonteCarlo_MVVM\MonteCarlo_MVVM.csproj", "{55D9B45B-DD90-468C-8A4A-73D44687182B}"
EndProject
Global
	GlobalSection(SolutionConfigurationPlatforms) = preSolution
		Debug|Any CPU = Debug|Any CPU
		Release|Any CPU = Release|Any CPU
	EndGlobalSection
	GlobalSection(ProjectConfigurationPlatforms) = postSolution
		{55D9B45B-DD90-468C-8A4A-73D44687182B}.Debug|Any CPU.ActiveCfg = Debug|Any CPU
		{55D9B45B-DD90-468C-8A4A-73D44687182B}.Debug|Any CPU.Build.0 = Debug|Any CPU
		{55D9B45B-DD90-468C-8A4A-73D44687182B}.Release|Any CPU.ActiveCfg = Release|Any CPU
		{55D9B45B-DD90-468C-8A4A-73D44687182B}.Release|Any CPU.Build.0 = Release|Any CPU
	EndGlobalSection
	GlobalSection(SolutionProperties) = preSolution
		HideSolutionNode = FALSE
	EndGlobalSection
EndGlobal
